
Microsoft Visual Studio Solution File, Format Version 12.00
# Visual Studio Version 16
VisualStudioVersion = 16.0.30320.27
MinimumVisualStudioVersion = 10.0.40219.1
Project("{FAE04EC0-301F-11D3-BF4B-00C04F79EFBC}") = "arrayManipulation", "arrayManipulation\arrayManipulation.csproj", "{8D1D1F58-12C5-4978-888A-03EA667F1295}"
EndProject
Global
	GlobalSection(SolutionConfigurationPlatforms) = preSolution
		Debug|Any CPU = Debug|Any CPU
		Release|Any CPU = Release|Any CPU
	EndGlobalSection
	GlobalSection(ProjectConfigurationPlatforms) = postSolution
		{8D1D1F58-12C5-4978-888A-03EA667F1295}.Debug|Any CPU.ActiveCfg = Debug|Any CPU
		{8D1D1F58-12C5-4978-888A-03EA667F1295}.Debug|Any CPU.Build.0 = Debug|Any CPU
		{8D1D1F58-12C5-4978-888A-03EA667F1295}.Release|Any CPU.ActiveCfg = Release|Any CPU
		{8D1D1F58-12C5-4978-888A-03EA667F1295}.Release|Any CPU.Build.0 = Release|Any CPU
	EndGlobalSection
	GlobalSection(SolutionProperties) = preSolution
		HideSolutionNode = FALSE
	EndGlobalSection
	GlobalSection(ExtensibilityGlobals) = postSolution
		SolutionGuid = {B15250CF-1E78-4D49-8152-B8339C7BA2E7}
	EndGlobalSection
EndGlobal
